
Microsoft Visual Studio Solution File, Format Version 12.00
# Visual Studio Version 17
VisualStudioVersion = 17.14.36109.1 d17.14
MinimumVisualStudioVersion = 10.0.40219.1
Project("{FAE04EC0-301F-11D3-BF4B-00C04F79EFBC}") = "Abstracciones", "Abstracciones\Abstracciones.csproj", "{CFCEC4ED-1B7C-4A38-B39C-8FEB30455ECB}"
EndProject
Project("{FAE04EC0-301F-11D3-BF4B-00C04F79EFBC}") = "Reglas", "Reglas\Reglas.csproj", "{F029ACEB-9850-45A8-A928-C36C63EDA922}"
EndProject
Project("{FAE04EC0-301F-11D3-BF4B-00C04F79EFBC}") = "Web", "Web\Web.csproj", "{6157564F-8DF3-4EDF-B116-F77029DA2B52}"
EndProject
Global
	GlobalSection(SolutionConfigurationPlatforms) = preSolution
		Debug|Any CPU = Debug|Any CPU
		Release|Any CPU = Release|Any CPU
	EndGlobalSection
	GlobalSection(ProjectConfigurationPlatforms) = postSolution
		{CFCEC4ED-1B7C-4A38-B39C-8FEB30455ECB}.Debug|Any CPU.ActiveCfg = Debug|Any CPU
		{CFCEC4ED-1B7C-4A38-B39C-8FEB30455ECB}.Debug|Any CPU.Build.0 = Debug|Any CPU
		{CFCEC4ED-1B7C-4A38-B39C-8FEB30455ECB}.Release|Any CPU.ActiveCfg = Release|Any CPU
		{CFCEC4ED-1B7C-4A38-B39C-8FEB30455ECB}.Release|Any CPU.Build.0 = Release|Any CPU
		{F029ACEB-9850-45A8-A928-C36C63EDA922}.Debug|Any CPU.ActiveCfg = Debug|Any CPU
		{F029ACEB-9850-45A8-A928-C36C63EDA922}.Debug|Any CPU.Build.0 = Debug|Any CPU
		{F029ACEB-9850-45A8-A928-C36C63EDA922}.Release|Any CPU.ActiveCfg = Release|Any CPU
		{F029ACEB-9850-45A8-A928-C36C63EDA922}.Release|Any CPU.Build.0 = Release|Any CPU
		{6157564F-8DF3-4EDF-B116-F77029DA2B52}.Debug|Any CPU.ActiveCfg = Debug|Any CPU
		{6157564F-8DF3-4EDF-B116-F77029DA2B52}.Debug|Any CPU.Build.0 = Debug|Any CPU
		{6157564F-8DF3-4EDF-B116-F77029DA2B52}.Release|Any CPU.ActiveCfg = Release|Any CPU
		{6157564F-8DF3-4EDF-B116-F77029DA2B52}.Release|Any CPU.Build.0 = Release|Any CPU
	EndGlobalSection
	GlobalSection(SolutionProperties) = preSolution
		HideSolutionNode = FALSE
	EndGlobalSection
	GlobalSection(ExtensibilityGlobals) = postSolution
		SolutionGuid = {9C224504-634F-439E-A95D-1256A4308F70}
	EndGlobalSection
EndGlobal
